// !$*UTF8*$!
{
	archiveVersion = 1;
	classes = {
	};
	objectVersion = 77;
	objects = {

/* Begin PBXContainerItemProxy section */
		2DECCB1C2FE50DDC007A86CE /* PBXContainerItemProxy */ = {
			isa = PBXContainerItemProxy;
			containerPortal = 2DECCAFD2FE50DD9007A86CE /* Project object */;
			proxyType = 1;
			remoteGlobalIDString = 2DECCB042FE50DD9007A86CE;
			remoteInfo = EcomUiKit;
		};
		2DECCB262FE50DDC007A86CE /* PBXContainerItemProxy */ = {
			isa = PBXContainerItemProxy;
			containerPortal = 2DECCAFD2FE50DD9007A86CE /* Project object */;
			proxyType = 1;
			remoteGlobalIDString = 2DECCB042FE50DD9007A86CE;
			remoteInfo = EcomUiKit;
		};
/* End PBXContainerItemProxy section */

/* Begin PBXFileReference section */
		2DECCB052FE50DDA007A86CE /* EcomUiKit.app */ = {isa = PBXFileReference; explicitFileType = wrapper.application; includeInIndex = 0; path = EcomUiKit.app; sourceTree = BUILT_PRODUCTS_DIR; };
		2DECCB1B2FE50DDC007A86CE /* EcomUiKitTests.xctest */ = {isa = PBXFileReference; explicitFileType = wrapper.cfbundle; includeInIndex = 0; path = EcomUiKitTests.xctest; sourceTree = BUILT_PRODUCTS_DIR; };
		2DECCB252FE50DDC007A86CE /* EcomUiKitUITests.xctest */ = {isa = PBXFileReference; explicitFileType = wrapper.cfbundle; includeInIndex = 0; path = EcomUiKitUITests.xctest; sourceTree = BUILT_PRODUCTS_DIR; };
/* End PBXFileReference section */

/* Begin PBXFileSystemSynchronizedBuildFileExceptionSet section */
		2DECCB2D2FE50DDC007A86CE /* Exceptions for "EcomUiKit" folder in "EcomUiKit" target */ = {
			isa = PBXFileSystemSynchronizedBuildFileExceptionSet;
			membershipExceptions = (
				Info.plist,
			);
			target = 2DECCB042FE50DD9007A86CE /* EcomUiKit */;
		};
/* End PBXFileSystemSynchronizedBuildFileExceptionSet section */

/* Begin PBXFileSystemSynchronizedRootGroup section */
		2DECCB072FE50DDA007A86CE /* EcomUiKit */ = {
			isa = PBXFileSystemSynchronizedRootGroup;
			exceptions = (
				2DECCB2D2FE50DDC007A86CE /* Exceptions for "EcomUiKit" folder in "EcomUiKit" target */,
			);
			path = EcomUiKit;
			sourceTree = "<group>";
		};
		2DECCB1E2FE50DDC007A86CE /* EcomUiKitTests */ = {
			isa = PBXFileSystemSynchronizedRootGroup;
			path = EcomUiKitTests;
			sourceTree = "<group>";
		};
		2DECCB282FE50DDC007A86CE /* EcomUiKitUITests */ = {
			isa = PBXFileSystemSynchronizedRootGroup;
			path = EcomUiKitUITests;
			sourceTree = "<group>";
		};
/* End PBXFileSystemSynchronizedRootGroup section */

/* Begin PBXFrameworksBuildPhase section */
		2DECCB022FE50DD9007A86CE /* Frameworks */ = {
			isa = PBXFrameworksBuildPhase;
			buildActionMask = 2147483647;
			files = (
			);
			runOnlyForDeploymentPostprocessing = 0;
		};
		2DECCB182FE50DDC007A86CE /* Frameworks */ = {
			isa = PBXFrameworksBuildPhase;
			buildActionMask = 2147483647;
			files = (
			);
			runOnlyForDeploymentPostprocessing = 0;
		};
		2DECCB222FE50DDC007A86CE /* Frameworks */ = {
			isa = PBXFrameworksBuildPhase;
			buildActionMask = 2147483647;
			files = (
			);
			runOnlyForDeploymentPostprocessing = 0;
		};
/* End PBXFrameworksBuildPhase section */

/* Begin PBXGroup section */
		2DECCAFC2FE50DD9007A86CE = {
			isa = PBXGroup;
			children = (
				2DECCB072FE50DDA007A86CE /* EcomUiKit */,
				2DECCB1E2FE50DDC007A86CE /* EcomUiKitTests */,
				2DECCB282FE50DDC007A86CE /* EcomUiKitUITests */,
				2DECCB062FE50DDA007A86CE /* Products */,
			);
			sourceTree = "<group>";
		};
		2DECCB062FE50DDA007A86CE /* Products */ = {
			isa = PBXGroup;
			children = (
				2DECCB052FE50DDA007A86CE /* EcomUiKit.app */,
				2DECCB1B2FE50DDC007A86CE /* EcomUiKitTests.xctest */,
				2DECCB252FE50DDC007A86CE /* EcomUiKitUITests.xctest */,
			);
			name = Products;
			sourceTree = "<group>";
		};
/* End PBXGroup section */

/* Begin PBXNativeTarget section */
		2DECCB042FE50DD9007A86CE /* EcomUiKit */ = {
			isa = PBXNativeTarget;
			buildConfigurationList = 2DECCB2E2FE50DDC007A86CE /* Build configuration list for PBXNativeTarget "EcomUiKit" */;
			buildPhases = (
				2DECCB012FE50DD9007A86CE /* Sources */,
				2DECCB022FE50DD9007A86CE /* Frameworks */,
				2DECCB032FE50DD9007A86CE /* Resources */,
			);
			buildRules = (
			);
			dependencies = (
			);
			fileSystemSynchronizedGroups = (
				2DECCB072FE50DDA007A86CE /* EcomUiKit */,
			);
			name = EcomUiKit;
			packageProductDependencies = (
			);
			productName = EcomUiKit;
			productReference = 2DECCB052FE50DDA007A86CE /* EcomUiKit.app */;
			productType = "com.apple.product-type.application";
		};
		2DECCB1A2FE50DDC007A86CE /* EcomUiKitTests */ = {
			isa = PBXNativeTarget;
			buildConfigurationList = 2DECCB332FE50DDC007A86CE /* Build configuration list for PBXNativeTarget "EcomUiKitTests" */;
			buildPhases = (
				2DECCB172FE50DDC007A86CE /* Sources */,
				2DECCB182FE50DDC007A86CE /* Frameworks */,
				2DECCB192FE50DDC007A86CE /* Resources */,
			);
			buildRules = (
			);
			dependencies = (
				2DECCB1D2FE50DDC007A86CE /* PBXTargetDependency */,
			);
			fileSystemSynchronizedGroups = (
				2DECCB1E2FE50DDC007A86CE /* EcomUiKitTests */,
			);
			name = EcomUiKitTests;
			packageProductDependencies = (
			);
			productName = EcomUiKitTests;
			productReference = 2DECCB1B2FE50DDC007A86CE /* EcomUiKitTests.xctest */;
			productType = "com.apple.product-type.bundle.unit-test";
		};
		2DECCB242FE50DDC007A86CE /* EcomUiKitUITests */ = {
			isa = PBXNativeTarget;
			buildConfigurationList = 2DECCB362FE50DDC007A86CE /* Build configuration list for PBXNativeTarget "EcomUiKitUITests" */;
			buildPhases = (
				2DECCB212FE50DDC007A86CE /* Sources */,
				2DECCB222FE50DDC007A86CE /* Frameworks */,
				2DECCB232FE50DDC007A86CE /* Resources */,
			);
			buildRules = (
			);
			dependencies = (
				2DECCB272FE50DDC007A86CE /* PBXTargetDependency */,
			);
			fileSystemSynchronizedGroups = (
				2DECCB282FE50DDC007A86CE /* EcomUiKitUITests */,
			);
			name = EcomUiKitUITests;
			packageProductDependencies = (
			);
			productName = EcomUiKitUITests;
			productReference = 2DECCB252FE50DDC007A86CE /* EcomUiKitUITests.xctest */;
			productType = "com.apple.product-type.bundle.ui-testing";
		};
/* End PBXNativeTarget section */

/* Begin PBXProject section */
		2DECCAFD2FE50DD9007A86CE /* Project object */ = {
			isa = PBXProject;
			attributes = {
				BuildIndependentTargetsInParallel = 1;
				LastSwiftUpdateCheck = 2650;
				LastUpgradeCheck = 2650;
				TargetAttributes = {
					2DECCB042FE50DD9007A86CE = {
						CreatedOnToolsVersion = 26.5;
					};
					2DECCB1A2FE50DDC007A86CE = {
						CreatedOnToolsVersion = 26.5;
						TestTargetID = 2DECCB042FE50DD9007A86CE;
					};
					2DECCB242FE50DDC007A86CE = {
						CreatedOnToolsVersion = 26.5;
						TestTargetID = 2DECCB042FE50DD9007A86CE;
					};
				};
			};
			buildConfigurationList = 2DECCB002FE50DD9007A86CE /* Build configuration list for PBXProject "EcomUiKit" */;
			developmentRegion = en;
			hasScannedForEncodings = 0;
			knownRegions = (
				en,
				Base,
			);
			mainGroup = 2DECCAFC2FE50DD9007A86CE;
			minimizedProjectReferenceProxies = 1;
			preferredProjectObjectVersion = 77;
			productRefGroup = 2DECCB062FE50DDA007A86CE /* Products */;
			projectDirPath = "";
			projectRoot = "";
			targets = (
				2DECCB042FE50DD9007A86CE /* EcomUiKit */,
				2DECCB1A2FE50DDC007A86CE /* EcomUiKitTests */,
				2DECCB242FE50DDC007A86CE /* EcomUiKitUITests */,
			);
		};
/* End PBXProject section */

/* Begin PBXResourcesBuildPhase section */
		2DECCB032FE50DD9007A86CE /* Resources */ = {
			isa = PBXResourcesBuildPhase;
			buildActionMask = 2147483647;
			files = (
			);
			runOnlyForDeploymentPostprocessing = 0;
		};
		2DECCB192FE50DDC007A86CE /* Resources */ = {
			isa = PBXResourcesBuildPhase;
			buildActionMask = 2147483647;
			files = (
			);
			runOnlyForDeploymentPostprocessing = 0;
		};
		2DECCB232FE50DDC007A86CE /* Resources */ = {
			isa = PBXResourcesBuildPhase;
			buildActionMask = 2147483647;
			files = (
			);
			runOnlyForDeploymentPostprocessing = 0;
		};
/* End PBXResourcesBuildPhase section */

/* Begin PBXSourcesBuildPhase section */
		2DECCB012FE50DD9007A86CE /* Sources */ = {
			isa = PBXSourcesBuildPhase;
			buildActionMask = 2147483647;
			files = (
			);
			runOnlyForDeploymentPostprocessing = 0;
		};
		2DECCB172FE50DDC007A86CE /* Sources */ = {
			isa = PBXSourcesBuildPhase;
			buildActionMask = 2147483647;
			files = (
			);
			runOnlyForDeploymentPostprocessing = 0;
		};
		2DECCB212FE50DDC007A86CE /* Sources */ = {
			isa = PBXSourcesBuildPhase;
			buildActionMask = 2147483647;
			files = (
			);
			runOnlyForDeploymentPostprocessing = 0;
		};
/* End PBXSourcesBuildPhase section */

/* Begin PBXTargetDependency section */
		2DECCB1D2FE50DDC007A86CE /* PBXTargetDependency */ = {
			isa = PBXTargetDependency;
			target = 2DECCB042FE50DD9007A86CE /* EcomUiKit */;
			targetProxy = 2DECCB1C2FE50DDC007A86CE /* PBXContainerItemProxy */;
		};
		2DECCB272FE50DDC007A86CE /* PBXTargetDependency */ = {
			isa = PBXTargetDependency;
			target = 2DECCB042FE50DD9007A86CE /* EcomUiKit */;
			targetProxy = 2DECCB262FE50DDC007A86CE /* PBXContainerItemProxy */;
		};
/* End PBXTargetDependency section */

/* Begin XCBuildConfiguration section */
		2DECCB2F2FE50DDC007A86CE /* Debug */ = {
			isa = XCBuildConfiguration;
			buildSettings = {
				ASSETCATALOG_COMPILER_APPICON_NAME = AppIcon;
				ASSETCATALOG_COMPILER_GLOBAL_ACCENT_COLOR_NAME = AccentColor;
				CODE_SIGN_STYLE = Automatic;
				CURRENT_PROJECT_VERSION = 1;
				DEVELOPMENT_TEAM = LATZP6WM38;
				GENERATE_INFOPLIST_FILE = YES;
				INFOPLIST_FILE = EcomUiKit/Info.plist;
				INFOPLIST_KEY_UIApplicationSupportsIndirectInputEvents = YES;
				INFOPLIST_KEY_UILaunchStoryboardName = LaunchScreen;
				INFOPLIST_KEY_UIMainStoryboardFile = "";
				INFOPLIST_KEY_UISupportedInterfaceOrientations_iPad = "UIInterfaceOrientationPortrait UIInterfaceOrientationPortraitUpsideDown UIInterfaceOrientationLandscapeLeft UIInterfaceOrientationLandscapeRight";
				INFOPLIST_KEY_UISupportedInterfaceOrientations_iPhone = "UIInterfaceOrientationPortrait UIInterfaceOrientationLandscapeLeft UIInterfaceOrientationLandscapeRight";
				LD_RUNPATH_SEARCH_PATHS = (
					"$(inherited)",
					"@executable_path/Frameworks",
				);
				MARKETING_VERSION = 1.0;
				PRODUCT_BUNDLE_IDENTIFIER = com.anaz.EcomUiKit;
				PRODUCT_NAME = "$(TARGET_NAME)";
				STRING_CATALOG_GENERATE_SYMBOLS = YES;
				SWIFT_APPROACHABLE_CONCURRENCY = YES;
				SWIFT_DEFAULT_ACTOR_ISOLATION = MainActor;
				SWIFT_EMIT_LOC_STRINGS = YES;
				SWIFT_UPCOMING_FEATURE_MEMBER_IMPORT_VISIBILITY = YES;
				SWIFT_VERSION = 5.0;
				TARGETED_DEVICE_FAMILY = "1,2";
			};
			name = Debug;
		};
		2DECCB302FE50DDC007A86CE /* Release */ = {
			isa = XCBuildConfiguration;
			buildSettings = {
				ASSETCATALOG_COMPILER_APPICON_NAME = AppIcon;
				ASSETCATALOG_COMPILER_GLOBAL_ACCENT_COLOR_NAME = AccentColor;
				CODE_SIGN_STYLE = Automatic;
				CURRENT_PROJECT_VERSION = 1;
				DEVELOPMENT_TEAM = LATZP6WM38;
				GENERATE_INFOPLIST_FILE = YES;
				INFOPLIST_FILE = EcomUiKit/Info.plist;
				INFOPLIST_KEY_UIApplicationSupportsIndirectInputEvents = YES;
				INFOPLIST_KEY_UILaunchStoryboardName = LaunchScreen;
				INFOPLIST_KEY_UIMainStoryboardFile = "";
				INFOPLIST_KEY_UISupportedInterfaceOrientations_iPad = "UIInterfaceOrientationPortrait UIInterfaceOrientationPortraitUpsideDown UIInterfaceOrientationLandscapeLeft UIInterfaceOrientationLandscapeRight";
				INFOPLIST_KEY_UISupportedInterfaceOrientations_iPhone = "UIInterfaceOrientationPortrait UIInterfaceOrientationLandscapeLeft UIInterfaceOrientationLandscapeRight";
				LD_RUNPATH_SEARCH_PATHS = (
					"$(inherited)",
					"@executable_path/Frameworks",
				);
				MARKETING_VERSION = 1.0;
				PRODUCT_BUNDLE_IDENTIFIER = com.anaz.EcomUiKit;
				PRODUCT_NAME = "$(TARGET_NAME)";
				STRING_CATALOG_GENERATE_SYMBOLS = YES;
				SWIFT_APPROACHABLE_CONCURRENCY = YES;
				SWIFT_DEFAULT_ACTOR_ISOLATION = MainActor;
				SWIFT_EMIT_LOC_STRINGS = YES;
				SWIFT_UPCOMING_FEATURE_MEMBER_IMPORT_VISIBILITY = YES;
				SWIFT_VERSION = 5.0;
				TARGETED_DEVICE_FAMILY = "1,2";
			};
			name = Release;
		};
		2DECCB312FE50DDC007A86CE /* Debug */ = {
			isa = XCBuildConfiguration;
			buildSettings = {
				ALWAYS_SEARCH_USER_PATHS = NO;
				ASSETCATALOG_COMPILER_GENERATE_SWIFT_ASSET_SYMBOL_EXTENSIONS = YES;
				CLANG_ANALYZER_NONNULL = YES;
				CLANG_ANALYZER_NUMBER_OBJECT_CONVERSION = YES_AGGRESSIVE;
				CLANG_CXX_LANGUAGE_STANDARD = "gnu++20";
				CLANG_ENABLE_MODULES = YES;
				CLANG_ENABLE_OBJC_ARC = YES;
				CLANG_ENABLE_OBJC_WEAK = YES;
				CLANG_WARN_BLOCK_CAPTURE_AUTORELEASING = YES;
				CLANG_WARN_BOOL_CONVERSION = YES;
				CLANG_WARN_COMMA = YES;
				CLANG_WARN_CONSTANT_CONVERSION = YES;
				CLANG_WARN_DEPRECATED_OBJC_IMPLEMENTATIONS = YES;
				CLANG_WARN_DIRECT_OBJC_ISA_USAGE = YES_ERROR;
				CLANG_WARN_DOCUMENTATION_COMMENTS = YES;
				CLANG_WARN_EMPTY_BODY = YES;
				CLANG_WARN_ENUM_CONVERSION = YES;
				CLANG_WARN_INFINITE_RECURSION = YES;
				CLANG_WARN_INT_CONVERSION = YES;
				CLANG_WARN_NON_LITERAL_NULL_CONVERSION = YES;
				CLANG_WARN_OBJC_IMPLICIT_RETAIN_SELF = YES;
				CLANG_WARN_OBJC_LITERAL_CONVERSION = YES;
				CLANG_WARN_OBJC_ROOT_CLASS = YES_ERROR;
				CLANG_WARN_QUOTED_INCLUDE_IN_FRAMEWORK_HEADER = YES;
				CLANG_WARN_RANGE_LOOP_ANALYSIS = YES;
				CLANG_WARN_STRICT_PROTOTYPES = YES;
				CLANG_WARN_SUSPICIOUS_MOVE = YES;
				CLANG_WARN_UNGUARDED_AVAILABILITY = YES_AGGRESSIVE;
				CLANG_WARN_UNREACHABLE_CODE = YES;
				CLANG_WARN__DUPLICATE_METHOD_MATCH = YES;
				COPY_PHASE_STRIP = NO;
				DEBUG_INFORMATION_FORMAT = dwarf;
				DEVELOPMENT_TEAM = LATZP6WM38;
				ENABLE_STRICT_OBJC_MSGSEND = YES;
				ENABLE_TESTABILITY = YES;
				ENABLE_USER_SCRIPT_SANDBOXING = YES;
				GCC_C_LANGUAGE_STANDARD = gnu17;
				GCC_DYNAMIC_NO_PIC = NO;
				GCC_NO_COMMON_BLOCKS = YES;
				GCC_OPTIMIZATION_LEVEL = 0;
				GCC_PREPROCESSOR_DEFINITIONS = (
					"DEBUG=1",
					"$(inherited)",
				);
				GCC_WARN_64_TO_32_BIT_CONVERSION = YES;
				GCC_WARN_ABOUT_RETURN_TYPE = YES_ERROR;
				GCC_WARN_UNDECLARED_SELECTOR = YES;
				GCC_WARN_UNINITIALIZED_AUTOS = YES_AGGRESSIVE;
				GCC_WARN_UNUSED_FUNCTION = YES;
				GCC_WARN_UNUSED_VARIABLE = YES;
				IPHONEOS_DEPLOYMENT_TARGET = 26.5;
				LOCALIZATION_PREFERS_STRING_CATALOGS = YES;
				MTL_ENABLE_DEBUG_INFO = INCLUDE_SOURCE;
				MTL_FAST_MATH = YES;
				ONLY_ACTIVE_ARCH = YES;
				SDKROOT = iphoneos;
				SWIFT_ACTIVE_COMPILATION_CONDITIONS = "DEBUG $(inherited)";
				SWIFT_OPTIMIZATION_LEVEL = "-Onone";
			};
			name = Debug;
		};
		2DECCB322FE50DDC007A86CE /* Release */ = {
			isa = XCBuildConfiguration;
			buildSettings = {
				ALWAYS_SEARCH_USER_PATHS = NO;
				ASSETCATALOG_COMPILER_GENERATE_SWIFT_ASSET_SYMBOL_EXTENSIONS = YES;
				CLANG_ANALYZER_NONNULL = YES;
				CLANG_ANALYZER_NUMBER_OBJECT_CONVERSION = YES_AGGRESSIVE;
				CLANG_CXX_LANGUAGE_STANDARD = "gnu++20";
				CLANG_ENABLE_MODULES = YES;
				CLANG_ENABLE_OBJC_ARC = YES;
				CLANG_ENABLE_OBJC_WEAK = YES;
				CLANG_WARN_BLOCK_CAPTURE_AUTORELEASING = YES;
				CLANG_WARN_BOOL_CONVERSION = YES;
				CLANG_WARN_COMMA = YES;
				CLANG_WARN_CONSTANT_CONVERSION = YES;
				CLANG_WARN_DEPRECATED_OBJC_IMPLEMENTATIONS = YES;
				CLANG_WARN_DIRECT_OBJC_ISA_USAGE = YES_ERROR;
				CLANG_WARN_DOCUMENTATION_COMMENTS = YES;
				CLANG_WARN_EMPTY_BODY = YES;
				CLANG_WARN_ENUM_CONVERSION = YES;
				CLANG_WARN_INFINITE_RECURSION = YES;
				CLANG_WARN_INT_CONVERSION = YES;
				CLANG_WARN_NON_LITERAL_NULL_CONVERSION = YES;
				CLANG_WARN_OBJC_IMPLICIT_RETAIN_SELF = YES;
				CLANG_WARN_OBJC_LITERAL_CONVERSION = YES;
				CLANG_WARN_OBJC_ROOT_CLASS = YES_ERROR;
				CLANG_WARN_QUOTED_INCLUDE_IN_FRAMEWORK_HEADER = YES;
				CLANG_WARN_RANGE_LOOP_ANALYSIS = YES;
				CLANG_WARN_STRICT_PROTOTYPES = YES;
				CLANG_WARN_SUSPICIOUS_MOVE = YES;
				CLANG_WARN_UNGUARDED_AVAILABILITY = YES_AGGRESSIVE;
				CLANG_WARN_UNREACHABLE_CODE = YES;
				CLANG_WARN__DUPLICATE_METHOD_MATCH = YES;
				COPY_PHASE_STRIP = NO;
				DEBUG_INFORMATION_FORMAT = "dwarf-with-dsym";
				DEVELOPMENT_TEAM = LATZP6WM38;
				ENABLE_NS_ASSERTIONS = NO;
				ENABLE_STRICT_OBJC_MSGSEND = YES;
				ENABLE_USER_SCRIPT_SANDBOXING = YES;
				GCC_C_LANGUAGE_STANDARD = gnu17;
				GCC_NO_COMMON_BLOCKS = YES;
				GCC_WARN_64_TO_32_BIT_CONVERSION = YES;
				GCC_WARN_ABOUT_RETURN_TYPE = YES_ERROR;
				GCC_WARN_UNDECLARED_SELECTOR = YES;
				GCC_WARN_UNINITIALIZED_AUTOS = YES_AGGRESSIVE;
				GCC_WARN_UNUSED_FUNCTION = YES;
				GCC_WARN_UNUSED_VARIABLE = YES;
				IPHONEOS_DEPLOYMENT_TARGET = 26.5;
				LOCALIZATION_PREFERS_STRING_CATALOGS = YES;
				MTL_ENABLE_DEBUG_INFO = NO;
				MTL_FAST_MATH = YES;
				SDKROOT = iphoneos;
				SWIFT_COMPILATION_MODE = wholemodule;
				VALIDATE_PRODUCT = YES;
			};
			name = Release;
		};
		2DECCB342FE50DDC007A86CE /* Debug */ = {
			isa = XCBuildConfiguration;
			buildSettings = {
				BUNDLE_LOADER = "$(TEST_HOST)";
				CODE_SIGN_STYLE = Automatic;
				CURRENT_PROJECT_VERSION = 1;
				DEVELOPMENT_TEAM = LATZP6WM38;
				GENERATE_INFOPLIST_FILE = YES;
				IPHONEOS_DEPLOYMENT_TARGET = 26.5;
				MARKETING_VERSION = 1.0;
				PRODUCT_BUNDLE_IDENTIFIER = com.anaz.EcomUiKitTests;
				PRODUCT_NAME = "$(TARGET_NAME)";
				STRING_CATALOG_GENERATE_SYMBOLS = NO;
				SWIFT_APPROACHABLE_CONCURRENCY = YES;
				SWIFT_EMIT_LOC_STRINGS = NO;
				SWIFT_UPCOMING_FEATURE_MEMBER_IMPORT_VISIBILITY = YES;
				SWIFT_VERSION = 5.0;
				TARGETED_DEVICE_FAMILY = "1,2";
				TEST_HOST = "$(BUILT_PRODUCTS_DIR)/EcomUiKit.app/$(BUNDLE_EXECUTABLE_FOLDER_PATH)/EcomUiKit";
			};
			name = Debug;
		};
		2DECCB352FE50DDC007A86CE /* Release */ = {
			isa = XCBuildConfiguration;
			buildSettings = {
				BUNDLE_LOADER = "$(TEST_HOST)";
				CODE_SIGN_STYLE = Automatic;
				CURRENT_PROJECT_VERSION = 1;
				DEVELOPMENT_TEAM = LATZP6WM38;
				GENERATE_INFOPLIST_FILE = YES;
				IPHONEOS_DEPLOYMENT_TARGET = 26.5;
				MARKETING_VERSION = 1.0;
				PRODUCT_BUNDLE_IDENTIFIER = com.anaz.EcomUiKitTests;
				PRODUCT_NAME = "$(TARGET_NAME)";
				STRING_CATALOG_GENERATE_SYMBOLS = NO;
				SWIFT_APPROACHABLE_CONCURRENCY = YES;
				SWIFT_EMIT_LOC_STRINGS = NO;
				SWIFT_UPCOMING_FEATURE_MEMBER_IMPORT_VISIBILITY = YES;
				SWIFT_VERSION = 5.0;
				TARGETED_DEVICE_FAMILY = "1,2";
				TEST_HOST = "$(BUILT_PRODUCTS_DIR)/EcomUiKit.app/$(BUNDLE_EXECUTABLE_FOLDER_PATH)/EcomUiKit";
			};
			name = Release;
		};
		2DECCB372FE50DDC007A86CE /* Debug */ = {
			isa = XCBuildConfiguration;
			buildSettings = {
				CODE_SIGN_STYLE = Automatic;
				CURRENT_PROJECT_VERSION = 1;
				DEVELOPMENT_TEAM = LATZP6WM38;
				GENERATE_INFOPLIST_FILE = YES;
				MARKETING_VERSION = 1.0;
				PRODUCT_BUNDLE_IDENTIFIER = com.anaz.EcomUiKitUITests;
				PRODUCT_NAME = "$(TARGET_NAME)";
				STRING_CATALOG_GENERATE_SYMBOLS = NO;
				SWIFT_APPROACHABLE_CONCURRENCY = YES;
				SWIFT_EMIT_LOC_STRINGS = NO;
				SWIFT_UPCOMING_FEATURE_MEMBER_IMPORT_VISIBILITY = YES;
				SWIFT_VERSION = 5.0;
				TARGETED_DEVICE_FAMILY = "1,2";
				TEST_TARGET_NAME = EcomUiKit;
			};
			name = Debug;
		};
		2DECCB382FE50DDC007A86CE /* Release */ = {
			isa = XCBuildConfiguration;
			buildSettings = {
				CODE_SIGN_STYLE = Automatic;
				CURRENT_PROJECT_VERSION = 1;
				DEVELOPMENT_TEAM = LATZP6WM38;
				GENERATE_INFOPLIST_FILE = YES;
				MARKETING_VERSION = 1.0;
				PRODUCT_BUNDLE_IDENTIFIER = com.anaz.EcomUiKitUITests;
				PRODUCT_NAME = "$(TARGET_NAME)";
				STRING_CATALOG_GENERATE_SYMBOLS = NO;
				SWIFT_APPROACHABLE_CONCURRENCY = YES;
				SWIFT_EMIT_LOC_STRINGS = NO;
				SWIFT_UPCOMING_FEATURE_MEMBER_IMPORT_VISIBILITY = YES;
				SWIFT_VERSION = 5.0;
				TARGETED_DEVICE_FAMILY = "1,2";
				TEST_TARGET_NAME = EcomUiKit;
			};
			name = Release;
		};
/* End XCBuildConfiguration section */

/* Begin XCConfigurationList section */
		2DECCB002FE50DD9007A86CE /* Build configuration list for PBXProject "EcomUiKit" */ = {
			isa = XCConfigurationList;
			buildConfigurations = (
				2DECCB312FE50DDC007A86CE /* Debug */,
				2DECCB322FE50DDC007A86CE /* Release */,
			);
			defaultConfigurationIsVisible = 0;
			defaultConfigurationName = Release;
		};
		2DECCB2E2FE50DDC007A86CE /* Build configuration list for PBXNativeTarget "EcomUiKit" */ = {
			isa = XCConfigurationList;
			buildConfigurations = (
				2DECCB2F2FE50DDC007A86CE /* Debug */,
				2DECCB302FE50DDC007A86CE /* Release */,
			);
			defaultConfigurationIsVisible = 0;
			defaultConfigurationName = Release;
		};
		2DECCB332FE50DDC007A86CE /* Build configuration list for PBXNativeTarget "EcomUiKitTests" */ = {
			isa = XCConfigurationList;
			buildConfigurations = (
				2DECCB342FE50DDC007A86CE /* Debug */,
				2DECCB352FE50DDC007A86CE /* Release */,
			);
			defaultConfigurationIsVisible = 0;
			defaultConfigurationName = Release;
		};
		2DECCB362FE50DDC007A86CE /* Build configuration list for PBXNativeTarget "EcomUiKitUITests" */ = {
			isa = XCConfigurationList;
			buildConfigurations = (
				2DECCB372FE50DDC007A86CE /* Debug */,
				2DECCB382FE50DDC007A86CE /* Release */,
			);
			defaultConfigurationIsVisible = 0;
			defaultConfigurationName = Release;
		};
/* End XCConfigurationList section */
	};
	rootObject = 2DECCAFD2FE50DD9007A86CE /* Project object */;
}
